// !$*UTF8*$!
{
	archiveVersion = 1;
	classes = {
	};
	objectVersion = 46;
	objects = {

/* Begin PBXBuildFile section */
		49ADC0AABB229587DBAA10D5 /* Pods_microapps_testapplication.framework in Frameworks */ = {isa = PBXBuildFile; fileRef = 9FDC2DAA7DC2638FDB09026E /* Pods_microapps_testapplication.framework */; };
		D1EC3F191C2D906C00E70E49 /* RepositoriesViewController.swift in Sources */ = {isa = PBXBuildFile; fileRef = D1EC3F181C2D906C00E70E49 /* RepositoriesViewController.swift */; };
		D1EC3F1B1C2DA4AF00E70E49 /* RepositoriesTableViewCell.swift in Sources */ = {isa = PBXBuildFile; fileRef = D1EC3F1A1C2DA4AF00E70E49 /* RepositoriesTableViewCell.swift */; };
		D1EC3F1D1C2DB3BD00E70E49 /* RepositoryDetailViewController.swift in Sources */ = {isa = PBXBuildFile; fileRef = D1EC3F1C1C2DB3BD00E70E49 /* RepositoryDetailViewController.swift */; };
		D1FB87791C299F2D00816EC2 /* AppDelegate.swift in Sources */ = {isa = PBXBuildFile; fileRef = D1FB87781C299F2D00816EC2 /* AppDelegate.swift */; };
		D1FB877B1C299F2D00816EC2 /* SearchViewController.swift in Sources */ = {isa = PBXBuildFile; fileRef = D1FB877A1C299F2D00816EC2 /* SearchViewController.swift */; };
		D1FB877E1C299F2D00816EC2 /* Main.storyboard in Resources */ = {isa = PBXBuildFile; fileRef = D1FB877C1C299F2D00816EC2 /* Main.storyboard */; };
		D1FB87801C299F2D00816EC2 /* Assets.xcassets in Resources */ = {isa = PBXBuildFile; fileRef = D1FB877F1C299F2D00816EC2 /* Assets.xcassets */; };
		D1FB87831C299F2D00816EC2 /* LaunchScreen.storyboard in Resources */ = {isa = PBXBuildFile; fileRef = D1FB87811C299F2D00816EC2 /* LaunchScreen.storyboard */; };
		D1FB878E1C299F2E00816EC2 /* microapps_testapplicationTests.swift in Sources */ = {isa = PBXBuildFile; fileRef = D1FB878D1C299F2E00816EC2 /* microapps_testapplicationTests.swift */; };
		D1FB87991C299F6900816EC2 /* Github.swift in Sources */ = {isa = PBXBuildFile; fileRef = D1FB87981C299F6900816EC2 /* Github.swift */; };
/* End PBXBuildFile section */

/* Begin PBXContainerItemProxy section */
		D1FB878A1C299F2E00816EC2 /* PBXContainerItemProxy */ = {
			isa = PBXContainerItemProxy;
			containerPortal = D1FB876D1C299F2B00816EC2 /* Project object */;
			proxyType = 1;
			remoteGlobalIDString = D1FB87741C299F2C00816EC2;
			remoteInfo = "microapps-testapplication";
		};
/* End PBXContainerItemProxy section */

/* Begin PBXFileReference section */
		94F58F3BDABCDFAA7212FC27 /* Pods-microapps-testapplication.debug.xcconfig */ = {isa = PBXFileReference; includeInIndex = 1; lastKnownFileType = text.xcconfig; name = "Pods-microapps-testapplication.debug.xcconfig"; path = "Pods/Target Support Files/Pods-microapps-testapplication/Pods-microapps-testapplication.debug.xcconfig"; sourceTree = "<group>"; };
		9FDC2DAA7DC2638FDB09026E /* Pods_microapps_testapplication.framework */ = {isa = PBXFileReference; explicitFileType = wrapper.framework; includeInIndex = 0; path = Pods_microapps_testapplication.framework; sourceTree = BUILT_PRODUCTS_DIR; };
		D1EC3F181C2D906C00E70E49 /* RepositoriesViewController.swift */ = {isa = PBXFileReference; fileEncoding = 4; lastKnownFileType = sourcecode.swift; path = RepositoriesViewController.swift; sourceTree = "<group>"; };
		D1EC3F1A1C2DA4AF00E70E49 /* RepositoriesTableViewCell.swift */ = {isa = PBXFileReference; fileEncoding = 4; lastKnownFileType = sourcecode.swift; path = RepositoriesTableViewCell.swift; sourceTree = "<group>"; };
		D1EC3F1C1C2DB3BD00E70E49 /* RepositoryDetailViewController.swift */ = {isa = PBXFileReference; fileEncoding = 4; lastKnownFileType = sourcecode.swift; path = RepositoryDetailViewController.swift; sourceTree = "<group>"; };
		D1FB87751C299F2C00816EC2 /* microapps-testapplication.app */ = {isa = PBXFileReference; explicitFileType = wrapper.application; includeInIndex = 0; path = "microapps-testapplication.app"; sourceTree = BUILT_PRODUCTS_DIR; };
		D1FB87781C299F2D00816EC2 /* AppDelegate.swift */ = {isa = PBXFileReference; lastKnownFileType = sourcecode.swift; path = AppDelegate.swift; sourceTree = "<group>"; };
		D1FB877A1C299F2D00816EC2 /* SearchViewController.swift */ = {isa = PBXFileReference; lastKnownFileType = sourcecode.swift; path = SearchViewController.swift; sourceTree = "<group>"; };
		D1FB877D1C299F2D00816EC2 /* Base */ = {isa = PBXFileReference; lastKnownFileType = file.storyboard; name = Base; path = Base.lproj/Main.storyboard; sourceTree = "<group>"; };
		D1FB877F1C299F2D00816EC2 /* Assets.xcassets */ = {isa = PBXFileReference; lastKnownFileType = folder.assetcatalog; path = Assets.xcassets; sourceTree = "<group>"; };
		D1FB87821C299F2D00816EC2 /* Base */ = {isa = PBXFileReference; lastKnownFileType = file.storyboard; name = Base; path = Base.lproj/LaunchScreen.storyboard; sourceTree = "<group>"; };
		D1FB87841C299F2D00816EC2 /* Info.plist */ = {isa = PBXFileReference; lastKnownFileType = text.plist.xml; path = Info.plist; sourceTree = "<group>"; };
		D1FB87891C299F2E00816EC2 /* microapps-testapplicationTests.xctest */ = {isa = PBXFileReference; explicitFileType = wrapper.cfbundle; includeInIndex = 0; path = "microapps-testapplicationTests.xctest"; sourceTree = BUILT_PRODUCTS_DIR; };
		D1FB878D1C299F2E00816EC2 /* microapps_testapplicationTests.swift */ = {isa = PBXFileReference; lastKnownFileType = sourcecode.swift; path = microapps_testapplicationTests.swift; sourceTree = "<group>"; };
		D1FB878F1C299F2E00816EC2 /* Info.plist */ = {isa = PBXFileReference; lastKnownFileType = text.plist.xml; path = Info.plist; sourceTree = "<group>"; };
		D1FB87981C299F6900816EC2 /* Github.swift */ = {isa = PBXFileReference; fileEncoding = 4; lastKnownFileType = sourcecode.swift; path = Github.swift; sourceTree = "<group>"; };
		DE8DD30C0DD917434A137FB9 /* Pods-microapps-testapplication.release.xcconfig */ = {isa = PBXFileReference; includeInIndex = 1; lastKnownFileType = text.xcconfig; name = "Pods-microapps-testapplication.release.xcconfig"; path = "Pods/Target Support Files/Pods-microapps-testapplication/Pods-microapps-testapplication.release.xcconfig"; sourceTree = "<group>"; };
/* End PBXFileReference section */

/* Begin PBXFrameworksBuildPhase section */
		D1FB87721C299F2C00816EC2 /* Frameworks */ = {
			isa = PBXFrameworksBuildPhase;
			buildActionMask = 2147483647;
			files = (
				49ADC0AABB229587DBAA10D5 /* Pods_microapps_testapplication.framework in Frameworks */,
			);
			runOnlyForDeploymentPostprocessing = 0;
		};
		D1FB87861C299F2E00816EC2 /* Frameworks */ = {
			isa = PBXFrameworksBuildPhase;
			buildActionMask = 2147483647;
			files = (
			);
			runOnlyForDeploymentPostprocessing = 0;
		};
/* End PBXFrameworksBuildPhase section */

/* Begin PBXGroup section */
		8EB4501FEA2263933B8C6463 /* Pods */ = {
			isa = PBXGroup;
			children = (
				94F58F3BDABCDFAA7212FC27 /* Pods-microapps-testapplication.debug.xcconfig */,
				DE8DD30C0DD917434A137FB9 /* Pods-microapps-testapplication.release.xcconfig */,
			);
			name = Pods;
			sourceTree = "<group>";
		};
		B5600228FE2EB432BF9A440A /* Frameworks */ = {
			isa = PBXGroup;
			children = (
				9FDC2DAA7DC2638FDB09026E /* Pods_microapps_testapplication.framework */,
			);
			name = Frameworks;
			sourceTree = "<group>";
		};
		D1EC3F1E1C2DB42800E70E49 /* View Controllers */ = {
			isa = PBXGroup;
			children = (
				D1FB877A1C299F2D00816EC2 /* SearchViewController.swift */,
				D1EC3F181C2D906C00E70E49 /* RepositoriesViewController.swift */,
				D1EC3F1C1C2DB3BD00E70E49 /* RepositoryDetailViewController.swift */,
			);
			name = "View Controllers";
			sourceTree = "<group>";
		};
		D1EC3F1F1C2DB44500E70E49 /* Model */ = {
			isa = PBXGroup;
			children = (
				D1FB87981C299F6900816EC2 /* Github.swift */,
			);
			name = Model;
			sourceTree = "<group>";
		};
		D1EC3F201C2DB44E00E70E49 /* Storyboards */ = {
			isa = PBXGroup;
			children = (
				D1FB877C1C299F2D00816EC2 /* Main.storyboard */,
				D1FB87811C299F2D00816EC2 /* LaunchScreen.storyboard */,
			);
			name = Storyboards;
			sourceTree = "<group>";
		};
		D1EC3F211C2DB46400E70E49 /* Supporting Files */ = {
			isa = PBXGroup;
			children = (
				D1FB87781C299F2D00816EC2 /* AppDelegate.swift */,
				D1FB877F1C299F2D00816EC2 /* Assets.xcassets */,
				D1FB87841C299F2D00816EC2 /* Info.plist */,
			);
			name = "Supporting Files";
			sourceTree = "<group>";
		};
		D1EC3F221C2DB50600E70E49 /* Table View Cells */ = {
			isa = PBXGroup;
			children = (
				D1EC3F1A1C2DA4AF00E70E49 /* RepositoriesTableViewCell.swift */,
			);
			name = "Table View Cells";
			sourceTree = "<group>";
		};
		D1FB876C1C299F2B00816EC2 = {
			isa = PBXGroup;
			children = (
				D1FB87771C299F2C00816EC2 /* microapps-testapplication */,
				D1FB878C1C299F2E00816EC2 /* microapps-testapplicationTests */,
				D1FB87761C299F2C00816EC2 /* Products */,
				8EB4501FEA2263933B8C6463 /* Pods */,
				B5600228FE2EB432BF9A440A /* Frameworks */,
			);
			sourceTree = "<group>";
		};
		D1FB87761C299F2C00816EC2 /* Products */ = {
			isa = PBXGroup;
			children = (
				D1FB87751C299F2C00816EC2 /* microapps-testapplication.app */,
				D1FB87891C299F2E00816EC2 /* microapps-testapplicationTests.xctest */,
			);
			name = Products;
			sourceTree = "<group>";
		};
		D1FB87771C299F2C00816EC2 /* microapps-testapplication */ = {
			isa = PBXGroup;
			children = (
				D1EC3F201C2DB44E00E70E49 /* Storyboards */,
				D1EC3F221C2DB50600E70E49 /* Table View Cells */,
				D1EC3F1F1C2DB44500E70E49 /* Model */,
				D1EC3F1E1C2DB42800E70E49 /* View Controllers */,
				D1EC3F211C2DB46400E70E49 /* Supporting Files */,
			);
			path = "microapps-testapplication";
			sourceTree = "<group>";
		};
		D1FB878C1C299F2E00816EC2 /* microapps-testapplicationTests */ = {
			isa = PBXGroup;
			children = (
				D1FB878D1C299F2E00816EC2 /* microapps_testapplicationTests.swift */,
				D1FB878F1C299F2E00816EC2 /* Info.plist */,
			);
			path = "microapps-testapplicationTests";
			sourceTree = "<group>";
		};
/* End PBXGroup section */

/* Begin PBXNativeTarget section */
		D1FB87741C299F2C00816EC2 /* microapps-testapplication */ = {
			isa = PBXNativeTarget;
			buildConfigurationList = D1FB87921C299F2E00816EC2 /* Build configuration list for PBXNativeTarget "microapps-testapplication" */;
			buildPhases = (
				514913837C708646691B1280 /* Check Pods Manifest.lock */,
				D1FB87711C299F2C00816EC2 /* Sources */,
				D1FB87721C299F2C00816EC2 /* Frameworks */,
				D1FB87731C299F2C00816EC2 /* Resources */,
				9941498FBD9E71F997BF7365 /* Embed Pods Frameworks */,
				079AF6DAA6DBA48B2512708D /* Copy Pods Resources */,
			);
			buildRules = (
			);
			dependencies = (
			);
			name = "microapps-testapplication";
			productName = "microapps-testapplication";
			productReference = D1FB87751C299F2C00816EC2 /* microapps-testapplication.app */;
			productType = "com.apple.product-type.application";
		};
		D1FB87881C299F2E00816EC2 /* microapps-testapplicationTests */ = {
			isa = PBXNativeTarget;
			buildConfigurationList = D1FB87951C299F2E00816EC2 /* Build configuration list for PBXNativeTarget "microapps-testapplicationTests" */;
			buildPhases = (
				D1FB87851C299F2E00816EC2 /* Sources */,
				D1FB87861C299F2E00816EC2 /* Frameworks */,
				D1FB87871C299F2E00816EC2 /* Resources */,
			);
			buildRules = (
			);
			dependencies = (
				D1FB878B1C299F2E00816EC2 /* PBXTargetDependency */,
			);
			name = "microapps-testapplicationTests";
			productName = "microapps-testapplicationTests";
			productReference = D1FB87891C299F2E00816EC2 /* microapps-testapplicationTests.xctest */;
			productType = "com.apple.product-type.bundle.unit-test";
		};
/* End PBXNativeTarget section */

/* Begin PBXProject section */
		D1FB876D1C299F2B00816EC2 /* Project object */ = {
			isa = PBXProject;
			attributes = {
				LastSwiftUpdateCheck = 0720;
				LastUpgradeCheck = 0720;
				ORGANIZATIONNAME = "Furqan Khan";
				TargetAttributes = {
					D1FB87741C299F2C00816EC2 = {
						CreatedOnToolsVersion = 7.2;
					};
					D1FB87881C299F2E00816EC2 = {
						CreatedOnToolsVersion = 7.2;
						TestTargetID = D1FB87741C299F2C00816EC2;
					};
				};
			};
			buildConfigurationList = D1FB87701C299F2B00816EC2 /* Build configuration list for PBXProject "microapps-testapplication" */;
			compatibilityVersion = "Xcode 3.2";
			developmentRegion = English;
			hasScannedForEncodings = 0;
			knownRegions = (
				en,
				Base,
			);
			mainGroup = D1FB876C1C299F2B00816EC2;
			productRefGroup = D1FB87761C299F2C00816EC2 /* Products */;
			projectDirPath = "";
			projectRoot = "";
			targets = (
				D1FB87741C299F2C00816EC2 /* microapps-testapplication */,
				D1FB87881C299F2E00816EC2 /* microapps-testapplicationTests */,
			);
		};
/* End PBXProject section */

/* Begin PBXResourcesBuildPhase section */
		D1FB87731C299F2C00816EC2 /* Resources */ = {
			isa = PBXResourcesBuildPhase;
			buildActionMask = 2147483647;
			files = (
				D1FB87831C299F2D00816EC2 /* LaunchScreen.storyboard in Resources */,
				D1FB87801C299F2D00816EC2 /* Assets.xcassets in Resources */,
				D1FB877E1C299F2D00816EC2 /* Main.storyboard in Resources */,
			);
			runOnlyForDeploymentPostprocessing = 0;
		};
		D1FB87871C299F2E00816EC2 /* Resources */ = {
			isa = PBXResourcesBuildPhase;
			buildActionMask = 2147483647;
			files = (
			);
			runOnlyForDeploymentPostprocessing = 0;
		};
/* End PBXResourcesBuildPhase section */

/* Begin PBXShellScriptBuildPhase section */
		079AF6DAA6DBA48B2512708D /* Copy Pods Resources */ = {
			isa = PBXShellScriptBuildPhase;
			buildActionMask = 2147483647;
			files = (
			);
			inputPaths = (
			);
			name = "Copy Pods Resources";
			outputPaths = (
			);
			runOnlyForDeploymentPostprocessing = 0;
			shellPath = /bin/sh;
			shellScript = "\"${SRCROOT}/Pods/Target Support Files/Pods-microapps-testapplication/Pods-microapps-testapplication-resources.sh\"\n";
			showEnvVarsInLog = 0;
		};
		514913837C708646691B1280 /* Check Pods Manifest.lock */ = {
			isa = PBXShellScriptBuildPhase;
			buildActionMask = 2147483647;
			files = (
			);
			inputPaths = (
			);
			name = "Check Pods Manifest.lock";
			outputPaths = (
			);
			runOnlyForDeploymentPostprocessing = 0;
			shellPath = /bin/sh;
			shellScript = "diff \"${PODS_ROOT}/../Podfile.lock\" \"${PODS_ROOT}/Manifest.lock\" > /dev/null\nif [[ $? != 0 ]] ; then\n    cat << EOM\nerror: The sandbox is not in sync with the Podfile.lock. Run 'pod install' or update your CocoaPods installation.\nEOM\n    exit 1\nfi\n";
			showEnvVarsInLog = 0;
		};
		9941498FBD9E71F997BF7365 /* Embed Pods Frameworks */ = {
			isa = PBXShellScriptBuildPhase;
			buildActionMask = 2147483647;
			files = (
			);
			inputPaths = (
			);
			name = "Embed Pods Frameworks";
			outputPaths = (
			);
			runOnlyForDeploymentPostprocessing = 0;
			shellPath = /bin/sh;
			shellScript = "\"${SRCROOT}/Pods/Target Support Files/Pods-microapps-testapplication/Pods-microapps-testapplication-frameworks.sh\"\n";
			showEnvVarsInLog = 0;
		};
/* End PBXShellScriptBuildPhase section */

/* Begin PBXSourcesBuildPhase section */
		D1FB87711C299F2C00816EC2 /* Sources */ = {
			isa = PBXSourcesBuildPhase;
			buildActionMask = 2147483647;
			files = (
				D1EC3F1B1C2DA4AF00E70E49 /* RepositoriesTableViewCell.swift in Sources */,
				D1EC3F191C2D906C00E70E49 /* RepositoriesViewController.swift in Sources */,
				D1FB87991C299F6900816EC2 /* Github.swift in Sources */,
				D1FB877B1C299F2D00816EC2 /* SearchViewController.swift in Sources */,
				D1EC3F1D1C2DB3BD00E70E49 /* RepositoryDetailViewController.swift in Sources */,
				D1FB87791C299F2D00816EC2 /* AppDelegate.swift in Sources */,
			);
			runOnlyForDeploymentPostprocessing = 0;
		};
		D1FB87851C299F2E00816EC2 /* Sources */ = {
			isa = PBXSourcesBuildPhase;
			buildActionMask = 2147483647;
			files = (
				D1FB878E1C299F2E00816EC2 /* microapps_testapplicationTests.swift in Sources */,
			);
			runOnlyForDeploymentPostprocessing = 0;
		};
/* End PBXSourcesBuildPhase section */

/* Begin PBXTargetDependency section */
		D1FB878B1C299F2E00816EC2 /* PBXTargetDependency */ = {
			isa = PBXTargetDependency;
			target = D1FB87741C299F2C00816EC2 /* microapps-testapplication */;
			targetProxy = D1FB878A1C299F2E00816EC2 /* PBXContainerItemProxy */;
		};
/* End PBXTargetDependency section */

/* Begin PBXVariantGroup section */
		D1FB877C1C299F2D00816EC2 /* Main.storyboard */ = {
			isa = PBXVariantGroup;
			children = (
				D1FB877D1C299F2D00816EC2 /* Base */,
			);
			name = Main.storyboard;
			sourceTree = "<group>";
		};
		D1FB87811C299F2D00816EC2 /* LaunchScreen.storyboard */ = {
			isa = PBXVariantGroup;
			children = (
				D1FB87821C299F2D00816EC2 /* Base */,
			);
			name = LaunchScreen.storyboard;
			sourceTree = "<group>";
		};
/* End PBXVariantGroup section */

/* Begin XCBuildConfiguration section */
		D1FB87901C299F2E00816EC2 /* Debug */ = {
			isa = XCBuildConfiguration;
			buildSettings = {
				ALWAYS_SEARCH_USER_PATHS = NO;
				CLANG_CXX_LANGUAGE_STANDARD = "gnu++0x";
				CLANG_CXX_LIBRARY = "libc++";
				CLANG_ENABLE_MODULES = YES;
				CLANG_ENABLE_OBJC_ARC = YES;
				CLANG_WARN_BOOL_CONVERSION = YES;
				CLANG_WARN_CONSTANT_CONVERSION = YES;
				CLANG_WARN_DIRECT_OBJC_ISA_USAGE = YES_ERROR;
				CLANG_WARN_EMPTY_BODY = YES;
				CLANG_WARN_ENUM_CONVERSION = YES;
				CLANG_WARN_INT_CONVERSION = YES;
				CLANG_WARN_OBJC_ROOT_CLASS = YES_ERROR;
				CLANG_WARN_UNREACHABLE_CODE = YES;
				CLANG_WARN__DUPLICATE_METHOD_MATCH = YES;
				"CODE_SIGN_IDENTITY[sdk=iphoneos*]" = "iPhone Developer";
				COPY_PHASE_STRIP = NO;
				DEBUG_INFORMATION_FORMAT = dwarf;
				ENABLE_STRICT_OBJC_MSGSEND = YES;
				ENABLE_TESTABILITY = YES;
				GCC_C_LANGUAGE_STANDARD = gnu99;
				GCC_DYNAMIC_NO_PIC = NO;
				GCC_NO_COMMON_BLOCKS = YES;
				GCC_OPTIMIZATION_LEVEL = 0;
				GCC_PREPROCESSOR_DEFINITIONS = (
					"DEBUG=1",
					"$(inherited)",
				);
				GCC_WARN_64_TO_32_BIT_CONVERSION = YES;
				GCC_WARN_ABOUT_RETURN_TYPE = YES_ERROR;
				GCC_WARN_UNDECLARED_SELECTOR = YES;
				GCC_WARN_UNINITIALIZED_AUTOS = YES_AGGRESSIVE;
				GCC_WARN_UNUSED_FUNCTION = YES;
				GCC_WARN_UNUSED_VARIABLE = YES;
				IPHONEOS_DEPLOYMENT_TARGET = 9.2;
				MTL_ENABLE_DEBUG_INFO = YES;
				ONLY_ACTIVE_ARCH = YES;
				SDKROOT = iphoneos;
				SWIFT_OPTIMIZATION_LEVEL = "-Onone";
			};
			name = Debug;
		};
		D1FB87911C299F2E00816EC2 /* Release */ = {
			isa = XCBuildConfiguration;
			buildSettings = {
				ALWAYS_SEARCH_USER_PATHS = NO;
				CLANG_CXX_LANGUAGE_STANDARD = "gnu++0x";
				CLANG_CXX_LIBRARY = "libc++";
				CLANG_ENABLE_MODULES = YES;
				CLANG_ENABLE_OBJC_ARC = YES;
				CLANG_WARN_BOOL_CONVERSION = YES;
				CLANG_WARN_CONSTANT_CONVERSION = YES;
				CLANG_WARN_DIRECT_OBJC_ISA_USAGE = YES_ERROR;
				CLANG_WARN_EMPTY_BODY = YES;
				CLANG_WARN_ENUM_CONVERSION = YES;
				CLANG_WARN_INT_CONVERSION = YES;
				CLANG_WARN_OBJC_ROOT_CLASS = YES_ERROR;
				CLANG_WARN_UNREACHABLE_CODE = YES;
				CLANG_WARN__DUPLICATE_METHOD_MATCH = YES;
				"CODE_SIGN_IDENTITY[sdk=iphoneos*]" = "iPhone Developer";
				COPY_PHASE_STRIP = NO;
				DEBUG_INFORMATION_FORMAT = "dwarf-with-dsym";
				ENABLE_NS_ASSERTIONS = NO;
				ENABLE_STRICT_OBJC_MSGSEND = YES;
				GCC_C_LANGUAGE_STANDARD = gnu99;
				GCC_NO_COMMON_BLOCKS = YES;
				GCC_WARN_64_TO_32_BIT_CONVERSION = YES;
				GCC_WARN_ABOUT_RETURN_TYPE = YES_ERROR;
				GCC_WARN_UNDECLARED_SELECTOR = YES;
				GCC_WARN_UNINITIALIZED_AUTOS = YES_AGGRESSIVE;
				GCC_WARN_UNUSED_FUNCTION = YES;
				GCC_WARN_UNUSED_VARIABLE = YES;
				IPHONEOS_DEPLOYMENT_TARGET = 9.2;
				MTL_ENABLE_DEBUG_INFO = NO;
				SDKROOT = iphoneos;
				VALIDATE_PRODUCT = YES;
			};
			name = Release;
		};
		D1FB87931C299F2E00816EC2 /* Debug */ = {
			isa = XCBuildConfiguration;
			baseConfigurationReference = 94F58F3BDABCDFAA7212FC27 /* Pods-microapps-testapplication.debug.xcconfig */;
			buildSettings = {
				ASSETCATALOG_COMPILER_APPICON_NAME = AppIcon;
				INFOPLIST_FILE = "microapps-testapplication/Info.plist";
				LD_RUNPATH_SEARCH_PATHS = "$(inherited) @executable_path/Frameworks";
				PRODUCT_BUNDLE_IDENTIFIER = "com.furqan.microapps-testapplication";
				PRODUCT_NAME = "$(TARGET_NAME)";
			};
			name = Debug;
		};
		D1FB87941C299F2E00816EC2 /* Release */ = {
			isa = XCBuildConfiguration;
			baseConfigurationReference = DE8DD30C0DD917434A137FB9 /* Pods-microapps-testapplication.release.xcconfig */;
			buildSettings = {
				ASSETCATALOG_COMPILER_APPICON_NAME = AppIcon;
				INFOPLIST_FILE = "microapps-testapplication/Info.plist";
				LD_RUNPATH_SEARCH_PATHS = "$(inherited) @executable_path/Frameworks";
				PRODUCT_BUNDLE_IDENTIFIER = "com.furqan.microapps-testapplication";
				PRODUCT_NAME = "$(TARGET_NAME)";
			};
			name = Release;
		};
		D1FB87961C299F2E00816EC2 /* Debug */ = {
			isa = XCBuildConfiguration;
			buildSettings = {
				BUNDLE_LOADER = "$(TEST_HOST)";
				INFOPLIST_FILE = "microapps-testapplicationTests/Info.plist";
				LD_RUNPATH_SEARCH_PATHS = "$(inherited) @executable_path/Frameworks @loader_path/Frameworks";
				PRODUCT_BUNDLE_IDENTIFIER = "com.furqan.microapps-testapplicationTests";
				PRODUCT_NAME = "$(TARGET_NAME)";
				TEST_HOST = "$(BUILT_PRODUCTS_DIR)/microapps-testapplication.app/microapps-testapplication";
			};
			name = Debug;
		};
		D1FB87971C299F2E00816EC2 /* Release */ = {
			isa = XCBuildConfiguration;
			buildSettings = {
				BUNDLE_LOADER = "$(TEST_HOST)";
				INFOPLIST_FILE = "microapps-testapplicationTests/Info.plist";
				LD_RUNPATH_SEARCH_PATHS = "$(inherited) @executable_path/Frameworks @loader_path/Frameworks";
				PRODUCT_BUNDLE_IDENTIFIER = "com.furqan.microapps-testapplicationTests";
				PRODUCT_NAME = "$(TARGET_NAME)";
				TEST_HOST = "$(BUILT_PRODUCTS_DIR)/microapps-testapplication.app/microapps-testapplication";
			};
			name = Release;
		};
/* End XCBuildConfiguration section */

/* Begin XCConfigurationList section */
		D1FB87701C299F2B00816EC2 /* Build configuration list for PBXProject "microapps-testapplication" */ = {
			isa = XCConfigurationList;
			buildConfigurations = (
				D1FB87901C299F2E00816EC2 /* Debug */,
				D1FB87911C299F2E00816EC2 /* Release */,
			);
			defaultConfigurationIsVisible = 0;
			defaultConfigurationName = Release;
		};
		D1FB87921C299F2E00816EC2 /* Build configuration list for PBXNativeTarget "microapps-testapplication" */ = {
			isa = XCConfigurationList;
			buildConfigurations = (
				D1FB87931C299F2E00816EC2 /* Debug */,
				D1FB87941C299F2E00816EC2 /* Release */,
			);
			defaultConfigurationIsVisible = 0;
			defaultConfigurationName = Release;
		};
		D1FB87951C299F2E00816EC2 /* Build configuration list for PBXNativeTarget "microapps-testapplicationTests" */ = {
			isa = XCConfigurationList;
			buildConfigurations = (
				D1FB87961C299F2E00816EC2 /* Debug */,
				D1FB87971C299F2E00816EC2 /* Release */,
			);
			defaultConfigurationIsVisible = 0;
			defaultConfigurationName = Release;
		};
/* End XCConfigurationList section */
	};
	rootObject = D1FB876D1C299F2B00816EC2 /* Project object */;
}
