PODS:
  - UICollectionViewLeftAlignedLayout (1.0.1)
  - UITags (0.1.0):
    - UICollectionViewLeftAlignedLayout

DEPENDENCIES:
  - UITags

SPEC CHECKSUMS:
  UICollectionViewLeftAlignedLayout: 6d10790db3e07958d91bd910d8b8e9dad952b1ef
  UITags: 2a696883f30bc681028bdd59851cbae03ddfeda7

COCOAPODS: 0.39.0
